
Microsoft Visual Studio Solution File, Format Version 12.00
# Visual Studio Version 17
VisualStudioVersion = 17.4.33103.184
MinimumVisualStudioVersion = 10.0.40219.1
Project("{9A19103F-16F7-4668-BE54-9A1E7A4F7556}") = "EvaluationSystemServer", "EvaluationSystemServer\EvaluationSystemServer.csproj", "{109DF450-EB64-4F50-AB61-A205401DB2C7}"
EndProject
Project("{FAE04EC0-301F-11D3-BF4B-00C04F79EFBC}") = "Web", "Web\Web.csproj", "{41035D7B-B430-426A-A65D-32C10E696956}"
EndProject
Project("{FAE04EC0-301F-11D3-BF4B-00C04F79EFBC}") = "EvaluationSystem", "EvaluationSystem\EvaluationSystem\EvaluationSystem.csproj", "{BD13E25F-46AE-45A7-B6F5-70C877C61D7C}"
EndProject
Project("{FAE04EC0-301F-11D3-BF4B-00C04F79EFBC}") = "EvaluationSystem.Client", "EvaluationSystem\EvaluationSystem.Client\EvaluationSystem.Client.csproj", "{FAA34B68-2D29-4106-BB41-18F140E718E4}"
EndProject
Global
	GlobalSection(SolutionConfigurationPlatforms) = preSolution
		Debug|Any CPU = Debug|Any CPU
		Debug|x64 = Debug|x64
		Debug|x86 = Debug|x86
		Release|Any CPU = Release|Any CPU
		Release|x64 = Release|x64
		Release|x86 = Release|x86
	EndGlobalSection
	GlobalSection(ProjectConfigurationPlatforms) = postSolution
		{109DF450-EB64-4F50-AB61-A205401DB2C7}.Debug|Any CPU.ActiveCfg = Debug|Any CPU
		{109DF450-EB64-4F50-AB61-A205401DB2C7}.Debug|Any CPU.Build.0 = Debug|Any CPU
		{109DF450-EB64-4F50-AB61-A205401DB2C7}.Debug|x64.ActiveCfg = Debug|Any CPU
		{109DF450-EB64-4F50-AB61-A205401DB2C7}.Debug|x64.Build.0 = Debug|Any CPU
		{109DF450-EB64-4F50-AB61-A205401DB2C7}.Debug|x86.ActiveCfg = Debug|Any CPU
		{109DF450-EB64-4F50-AB61-A205401DB2C7}.Debug|x86.Build.0 = Debug|Any CPU
		{109DF450-EB64-4F50-AB61-A205401DB2C7}.Release|Any CPU.ActiveCfg = Release|Any CPU
		{109DF450-EB64-4F50-AB61-A205401DB2C7}.Release|Any CPU.Build.0 = Release|Any CPU
		{109DF450-EB64-4F50-AB61-A205401DB2C7}.Release|x64.ActiveCfg = Release|Any CPU
		{109DF450-EB64-4F50-AB61-A205401DB2C7}.Release|x64.Build.0 = Release|Any CPU
		{109DF450-EB64-4F50-AB61-A205401DB2C7}.Release|x86.ActiveCfg = Release|Any CPU
		{109DF450-EB64-4F50-AB61-A205401DB2C7}.Release|x86.Build.0 = Release|Any CPU
		{41035D7B-B430-426A-A65D-32C10E696956}.Debug|Any CPU.ActiveCfg = Debug|Any CPU
		{41035D7B-B430-426A-A65D-32C10E696956}.Debug|Any CPU.Build.0 = Debug|Any CPU
		{41035D7B-B430-426A-A65D-32C10E696956}.Debug|x64.ActiveCfg = Debug|Any CPU
		{41035D7B-B430-426A-A65D-32C10E696956}.Debug|x64.Build.0 = Debug|Any CPU
		{41035D7B-B430-426A-A65D-32C10E696956}.Debug|x86.ActiveCfg = Debug|Any CPU
		{41035D7B-B430-426A-A65D-32C10E696956}.Debug|x86.Build.0 = Debug|Any CPU
		{41035D7B-B430-426A-A65D-32C10E696956}.Release|Any CPU.ActiveCfg = Release|Any CPU
		{41035D7B-B430-426A-A65D-32C10E696956}.Release|Any CPU.Build.0 = Release|Any CPU
		{41035D7B-B430-426A-A65D-32C10E696956}.Release|x64.ActiveCfg = Release|Any CPU
		{41035D7B-B430-426A-A65D-32C10E696956}.Release|x64.Build.0 = Release|Any CPU
		{41035D7B-B430-426A-A65D-32C10E696956}.Release|x86.ActiveCfg = Release|Any CPU
		{41035D7B-B430-426A-A65D-32C10E696956}.Release|x86.Build.0 = Release|Any CPU
		{BD13E25F-46AE-45A7-B6F5-70C877C61D7C}.Debug|Any CPU.ActiveCfg = Debug|Any CPU
		{BD13E25F-46AE-45A7-B6F5-70C877C61D7C}.Debug|Any CPU.Build.0 = Debug|Any CPU
		{BD13E25F-46AE-45A7-B6F5-70C877C61D7C}.Debug|x64.ActiveCfg = Debug|Any CPU
		{BD13E25F-46AE-45A7-B6F5-70C877C61D7C}.Debug|x64.Build.0 = Debug|Any CPU
		{BD13E25F-46AE-45A7-B6F5-70C877C61D7C}.Debug|x86.ActiveCfg = Debug|Any CPU
		{BD13E25F-46AE-45A7-B6F5-70C877C61D7C}.Debug|x86.Build.0 = Debug|Any CPU
		{BD13E25F-46AE-45A7-B6F5-70C877C61D7C}.Release|Any CPU.ActiveCfg = Release|Any CPU
		{BD13E25F-46AE-45A7-B6F5-70C877C61D7C}.Release|Any CPU.Build.0 = Release|Any CPU
		{BD13E25F-46AE-45A7-B6F5-70C877C61D7C}.Release|x64.ActiveCfg = Release|Any CPU
		{BD13E25F-46AE-45A7-B6F5-70C877C61D7C}.Release|x64.Build.0 = Release|Any CPU
		{BD13E25F-46AE-45A7-B6F5-70C877C61D7C}.Release|x86.ActiveCfg = Release|Any CPU
		{BD13E25F-46AE-45A7-B6F5-70C877C61D7C}.Release|x86.Build.0 = Release|Any CPU
		{FAA34B68-2D29-4106-BB41-18F140E718E4}.Debug|Any CPU.ActiveCfg = Debug|Any CPU
		{FAA34B68-2D29-4106-BB41-18F140E718E4}.Debug|Any CPU.Build.0 = Debug|Any CPU
		{FAA34B68-2D29-4106-BB41-18F140E718E4}.Debug|x64.ActiveCfg = Debug|Any CPU
		{FAA34B68-2D29-4106-BB41-18F140E718E4}.Debug|x64.Build.0 = Debug|Any CPU
		{FAA34B68-2D29-4106-BB41-18F140E718E4}.Debug|x86.ActiveCfg = Debug|Any CPU
		{FAA34B68-2D29-4106-BB41-18F140E718E4}.Debug|x86.Build.0 = Debug|Any CPU
		{FAA34B68-2D29-4106-BB41-18F140E718E4}.Release|Any CPU.ActiveCfg = Release|Any CPU
		{FAA34B68-2D29-4106-BB41-18F140E718E4}.Release|Any CPU.Build.0 = Release|Any CPU
		{FAA34B68-2D29-4106-BB41-18F140E718E4}.Release|x64.ActiveCfg = Release|Any CPU
		{FAA34B68-2D29-4106-BB41-18F140E718E4}.Release|x64.Build.0 = Release|Any CPU
		{FAA34B68-2D29-4106-BB41-18F140E718E4}.Release|x86.ActiveCfg = Release|Any CPU
		{FAA34B68-2D29-4106-BB41-18F140E718E4}.Release|x86.Build.0 = Release|Any CPU
	EndGlobalSection
	GlobalSection(SolutionProperties) = preSolution
		HideSolutionNode = FALSE
	EndGlobalSection
	GlobalSection(ExtensibilityGlobals) = postSolution
		SolutionGuid = {FEEB433E-1E31-424A-8095-EDBC83FEE755}
	EndGlobalSection
EndGlobal
